
Microsoft Visual Studio Solution File, Format Version 12.00
# Visual Studio Version 17
VisualStudioVersion = 17.9.34723.18
MinimumVisualStudioVersion = 10.0.40219.1
Project("{9A19103F-16F7-4668-BE54-9A1E7A4F7556}") = "StoreLake", "src\StoreLake\StoreLake.csproj", "{6166ED05-9E74-4C02-A774-6F9ED72334C4}"
EndProject
Project("{9A19103F-16F7-4668-BE54-9A1E7A4F7556}") = "StoreLake.Sdk.Cli", "src\StoreLake.Sdk.Cli\StoreLake.Sdk.Cli.csproj", "{67847379-973B-41FC-A13A-BF6D36612A6E}"
EndProject
Project("{9A19103F-16F7-4668-BE54-9A1E7A4F7556}") = "StoreLake.Test.ConsoleApp", "src\StoreLake.Test.ConsoleApp\StoreLake.Test.ConsoleApp.csproj", "{D732EA36-E681-4908-91D5-9A0ACF0A8DBC}"
EndProject
Project("{9A19103F-16F7-4668-BE54-9A1E7A4F7556}") = "StoreLake.Sdk", "src\StoreLake.Sdk\StoreLake.Sdk.csproj", "{7DFA98CC-96EC-4C6D-A856-2F38AB63EE90}"
EndProject
Project("{9A19103F-16F7-4668-BE54-9A1E7A4F7556}") = "StoreLake.Versioning", "src\StoreLake.Versioning\StoreLake.Versioning.csproj", "{7B46615F-2DAD-48CC-A00C-C0488552FF99}"
EndProject
Project("{2150E333-8FDC-42A3-9474-1A3956D46DE8}") = "build", "build", "{276B473F-86E1-439B-9195-30B370AB08FF}"
	ProjectSection(SolutionItems) = preProject
		build\azure-pipeline-build.yml = build\azure-pipeline-build.yml
		build\common.props = build\common.props
	EndProjectSection
EndProject
Project("{9A19103F-16F7-4668-BE54-9A1E7A4F7556}") = "StoreLake.Test", "src\StoreLake.Test\StoreLake.Test.csproj", "{AF14D61D-823C-4384-AA77-73A09B992EC1}"
EndProject
Project("{2150E333-8FDC-42A3-9474-1A3956D46DE8}") = "Solution Items", "Solution Items", "{68ECDE3B-58F5-48C8-81E9-D45EAFF92232}"
	ProjectSection(SolutionItems) = preProject
		.editorconfig = .editorconfig
		Directory.build.props = Directory.build.props
		Directory.Build.targets = Directory.Build.targets
		Directory.Packages.props = Directory.Packages.props
		global.json = global.json
		.github\workflows\main.yml = .github\workflows\main.yml
		nuget.config = nuget.config
		README.md = README.md
		version.json = version.json
	EndProjectSection
EndProject
Project("{2150E333-8FDC-42A3-9474-1A3956D46DE8}") = "azure-pipeline-templates", "azure-pipeline-templates", "{DA0596DB-4761-4D1F-B2BA-14FECA51BEBD}"
	ProjectSection(SolutionItems) = preProject
		build\azure-pipelines-template\initialize.yml = build\azure-pipelines-template\initialize.yml
		build\azure-pipelines-template\install-dotnet-sdk.yml = build\azure-pipelines-template\install-dotnet-sdk.yml
		build\azure-pipelines-template\nbgv.yml = build\azure-pipelines-template\nbgv.yml
		build\azure-pipelines-template\run.yml = build\azure-pipelines-template\run.yml
	EndProjectSection
EndProject
Global
	GlobalSection(SolutionConfigurationPlatforms) = preSolution
		Debug|Any CPU = Debug|Any CPU
		Release|Any CPU = Release|Any CPU
	EndGlobalSection
	GlobalSection(ProjectConfigurationPlatforms) = postSolution
		{6166ED05-9E74-4C02-A774-6F9ED72334C4}.Debug|Any CPU.ActiveCfg = Debug|Any CPU
		{6166ED05-9E74-4C02-A774-6F9ED72334C4}.Debug|Any CPU.Build.0 = Debug|Any CPU
		{6166ED05-9E74-4C02-A774-6F9ED72334C4}.Release|Any CPU.ActiveCfg = Release|Any CPU
		{6166ED05-9E74-4C02-A774-6F9ED72334C4}.Release|Any CPU.Build.0 = Release|Any CPU
		{67847379-973B-41FC-A13A-BF6D36612A6E}.Debug|Any CPU.ActiveCfg = Debug|Any CPU
		{67847379-973B-41FC-A13A-BF6D36612A6E}.Debug|Any CPU.Build.0 = Debug|Any CPU
		{67847379-973B-41FC-A13A-BF6D36612A6E}.Release|Any CPU.ActiveCfg = Release|Any CPU
		{67847379-973B-41FC-A13A-BF6D36612A6E}.Release|Any CPU.Build.0 = Release|Any CPU
		{D732EA36-E681-4908-91D5-9A0ACF0A8DBC}.Debug|Any CPU.ActiveCfg = Debug|Any CPU
		{D732EA36-E681-4908-91D5-9A0ACF0A8DBC}.Debug|Any CPU.Build.0 = Debug|Any CPU
		{D732EA36-E681-4908-91D5-9A0ACF0A8DBC}.Release|Any CPU.ActiveCfg = Release|Any CPU
		{D732EA36-E681-4908-91D5-9A0ACF0A8DBC}.Release|Any CPU.Build.0 = Release|Any CPU
		{7DFA98CC-96EC-4C6D-A856-2F38AB63EE90}.Debug|Any CPU.ActiveCfg = Debug|Any CPU
		{7DFA98CC-96EC-4C6D-A856-2F38AB63EE90}.Debug|Any CPU.Build.0 = Debug|Any CPU
		{7DFA98CC-96EC-4C6D-A856-2F38AB63EE90}.Release|Any CPU.ActiveCfg = Release|Any CPU
		{7DFA98CC-96EC-4C6D-A856-2F38AB63EE90}.Release|Any CPU.Build.0 = Release|Any CPU
		{7B46615F-2DAD-48CC-A00C-C0488552FF99}.Debug|Any CPU.ActiveCfg = Debug|Any CPU
		{7B46615F-2DAD-48CC-A00C-C0488552FF99}.Debug|Any CPU.Build.0 = Debug|Any CPU
		{7B46615F-2DAD-48CC-A00C-C0488552FF99}.Release|Any CPU.ActiveCfg = Release|Any CPU
		{7B46615F-2DAD-48CC-A00C-C0488552FF99}.Release|Any CPU.Build.0 = Release|Any CPU
		{AF14D61D-823C-4384-AA77-73A09B992EC1}.Debug|Any CPU.ActiveCfg = Debug|Any CPU
		{AF14D61D-823C-4384-AA77-73A09B992EC1}.Debug|Any CPU.Build.0 = Debug|Any CPU
		{AF14D61D-823C-4384-AA77-73A09B992EC1}.Release|Any CPU.ActiveCfg = Release|Any CPU
		{AF14D61D-823C-4384-AA77-73A09B992EC1}.Release|Any CPU.Build.0 = Release|Any CPU
	EndGlobalSection
	GlobalSection(SolutionProperties) = preSolution
		HideSolutionNode = FALSE
	EndGlobalSection
	GlobalSection(NestedProjects) = preSolution
		{DA0596DB-4761-4D1F-B2BA-14FECA51BEBD} = {276B473F-86E1-439B-9195-30B370AB08FF}
	EndGlobalSection
	GlobalSection(ExtensibilityGlobals) = postSolution
		SolutionGuid = {E28828B6-A66B-45C2-87E3-E5A1197389EA}
	EndGlobalSection
EndGlobal
